// !$*UTF8*$!
{
	archiveVersion = 1;
	classes = {
	};
	objectVersion = 56;
	objects = {

/* Begin PBXBuildFile section */
		520A95642B304D9F007ED37E /* findApp.swift in Sources */ = {isa = PBXBuildFile; fileRef = 520A95632B304D9F007ED37E /* findApp.swift */; };
		520A95662B304D9F007ED37E /* ContentView.swift in Sources */ = {isa = PBXBuildFile; fileRef = 520A95652B304D9F007ED37E /* ContentView.swift */; };
		520A95682B304DA0007ED37E /* Assets.xcassets in Resources */ = {isa = PBXBuildFile; fileRef = 520A95672B304DA0007ED37E /* Assets.xcassets */; };
		520A956B2B304DA0007ED37E /* Preview Assets.xcassets in Resources */ = {isa = PBXBuildFile; fileRef = 520A956A2B304DA0007ED37E /* Preview Assets.xcassets */; };
		520A95752B304DA0007ED37E /* findTests.swift in Sources */ = {isa = PBXBuildFile; fileRef = 520A95742B304DA0007ED37E /* findTests.swift */; };
		520A957F2B304DA0007ED37E /* findUITests.swift in Sources */ = {isa = PBXBuildFile; fileRef = 520A957E2B304DA0007ED37E /* findUITests.swift */; };
		520A95812B304DA0007ED37E /* findUITestsLaunchTests.swift in Sources */ = {isa = PBXBuildFile; fileRef = 520A95802B304DA0007ED37E /* findUITestsLaunchTests.swift */; };
/* End PBXBuildFile section */

/* Begin PBXContainerItemProxy section */
		520A95712B304DA0007ED37E /* PBXContainerItemProxy */ = {
			isa = PBXContainerItemProxy;
			containerPortal = 520A95582B304D9F007ED37E /* Project object */;
			proxyType = 1;
			remoteGlobalIDString = 520A955F2B304D9F007ED37E;
			remoteInfo = find;
		};
		520A957B2B304DA0007ED37E /* PBXContainerItemProxy */ = {
			isa = PBXContainerItemProxy;
			containerPortal = 520A95582B304D9F007ED37E /* Project object */;
			proxyType = 1;
			remoteGlobalIDString = 520A955F2B304D9F007ED37E;
			remoteInfo = find;
		};
/* End PBXContainerItemProxy section */

/* Begin PBXFileReference section */
		520A95602B304D9F007ED37E /* find.app */ = {isa = PBXFileReference; explicitFileType = wrapper.application; includeInIndex = 0; path = find.app; sourceTree = BUILT_PRODUCTS_DIR; };
		520A95632B304D9F007ED37E /* findApp.swift */ = {isa = PBXFileReference; lastKnownFileType = sourcecode.swift; path = findApp.swift; sourceTree = "<group>"; };
		520A95652B304D9F007ED37E /* ContentView.swift */ = {isa = PBXFileReference; lastKnownFileType = sourcecode.swift; path = ContentView.swift; sourceTree = "<group>"; };
		520A95672B304DA0007ED37E /* Assets.xcassets */ = {isa = PBXFileReference; lastKnownFileType = folder.assetcatalog; path = Assets.xcassets; sourceTree = "<group>"; };
		520A956A2B304DA0007ED37E /* Preview Assets.xcassets */ = {isa = PBXFileReference; lastKnownFileType = folder.assetcatalog; path = "Preview Assets.xcassets"; sourceTree = "<group>"; };
		520A95702B304DA0007ED37E /* findTests.xctest */ = {isa = PBXFileReference; explicitFileType = wrapper.cfbundle; includeInIndex = 0; path = findTests.xctest; sourceTree = BUILT_PRODUCTS_DIR; };
		520A95742B304DA0007ED37E /* findTests.swift */ = {isa = PBXFileReference; lastKnownFileType = sourcecode.swift; path = findTests.swift; sourceTree = "<group>"; };
		520A957A2B304DA0007ED37E /* findUITests.xctest */ = {isa = PBXFileReference; explicitFileType = wrapper.cfbundle; includeInIndex = 0; path = findUITests.xctest; sourceTree = BUILT_PRODUCTS_DIR; };
		520A957E2B304DA0007ED37E /* findUITests.swift */ = {isa = PBXFileReference; lastKnownFileType = sourcecode.swift; path = findUITests.swift; sourceTree = "<group>"; };
		520A95802B304DA0007ED37E /* findUITestsLaunchTests.swift */ = {isa = PBXFileReference; lastKnownFileType = sourcecode.swift; path = findUITestsLaunchTests.swift; sourceTree = "<group>"; };
/* End PBXFileReference section */

/* Begin PBXFrameworksBuildPhase section */
		520A955D2B304D9F007ED37E /* Frameworks */ = {
			isa = PBXFrameworksBuildPhase;
			buildActionMask = 2147483647;
			files = (
			);
			runOnlyForDeploymentPostprocessing = 0;
		};
		520A956D2B304DA0007ED37E /* Frameworks */ = {
			isa = PBXFrameworksBuildPhase;
			buildActionMask = 2147483647;
			files = (
			);
			runOnlyForDeploymentPostprocessing = 0;
		};
		520A95772B304DA0007ED37E /* Frameworks */ = {
			isa = PBXFrameworksBuildPhase;
			buildActionMask = 2147483647;
			files = (
			);
			runOnlyForDeploymentPostprocessing = 0;
		};
/* End PBXFrameworksBuildPhase section */

/* Begin PBXGroup section */
		520A95572B304D9F007ED37E = {
			isa = PBXGroup;
			children = (
				520A95622B304D9F007ED37E /* find */,
				520A95732B304DA0007ED37E /* findTests */,
				520A957D2B304DA0007ED37E /* findUITests */,
				520A95612B304D9F007ED37E /* Products */,
			);
			sourceTree = "<group>";
		};
		520A95612B304D9F007ED37E /* Products */ = {
			isa = PBXGroup;
			children = (
				520A95602B304D9F007ED37E /* find.app */,
				520A95702B304DA0007ED37E /* findTests.xctest */,
				520A957A2B304DA0007ED37E /* findUITests.xctest */,
			);
			name = Products;
			sourceTree = "<group>";
		};
		520A95622B304D9F007ED37E /* find */ = {
			isa = PBXGroup;
			children = (
				520A95632B304D9F007ED37E /* findApp.swift */,
				520A95652B304D9F007ED37E /* ContentView.swift */,
				520A95672B304DA0007ED37E /* Assets.xcassets */,
				520A95692B304DA0007ED37E /* Preview Content */,
			);
			path = find;
			sourceTree = "<group>";
		};
		520A95692B304DA0007ED37E /* Preview Content */ = {
			isa = PBXGroup;
			children = (
				520A956A2B304DA0007ED37E /* Preview Assets.xcassets */,
			);
			path = "Preview Content";
			sourceTree = "<group>";
		};
		520A95732B304DA0007ED37E /* findTests */ = {
			isa = PBXGroup;
			children = (
				520A95742B304DA0007ED37E /* findTests.swift */,
			);
			path = findTests;
			sourceTree = "<group>";
		};
		520A957D2B304DA0007ED37E /* findUITests */ = {
			isa = PBXGroup;
			children = (
				520A957E2B304DA0007ED37E /* findUITests.swift */,
				520A95802B304DA0007ED37E /* findUITestsLaunchTests.swift */,
			);
			path = findUITests;
			sourceTree = "<group>";
		};
/* End PBXGroup section */

/* Begin PBXNativeTarget section */
		520A955F2B304D9F007ED37E /* find */ = {
			isa = PBXNativeTarget;
			buildConfigurationList = 520A95842B304DA0007ED37E /* Build configuration list for PBXNativeTarget "find" */;
			buildPhases = (
				520A955C2B304D9F007ED37E /* Sources */,
				520A955D2B304D9F007ED37E /* Frameworks */,
				520A955E2B304D9F007ED37E /* Resources */,
			);
			buildRules = (
			);
			dependencies = (
			);
			name = find;
			productName = find;
			productReference = 520A95602B304D9F007ED37E /* find.app */;
			productType = "com.apple.product-type.application";
		};
		520A956F2B304DA0007ED37E /* findTests */ = {
			isa = PBXNativeTarget;
			buildConfigurationList = 520A95872B304DA0007ED37E /* Build configuration list for PBXNativeTarget "findTests" */;
			buildPhases = (
				520A956C2B304DA0007ED37E /* Sources */,
				520A956D2B304DA0007ED37E /* Frameworks */,
				520A956E2B304DA0007ED37E /* Resources */,
			);
			buildRules = (
			);
			dependencies = (
				520A95722B304DA0007ED37E /* PBXTargetDependency */,
			);
			name = findTests;
			productName = findTests;
			productReference = 520A95702B304DA0007ED37E /* findTests.xctest */;
			productType = "com.apple.product-type.bundle.unit-test";
		};
		520A95792B304DA0007ED37E /* findUITests */ = {
			isa = PBXNativeTarget;
			buildConfigurationList = 520A958A2B304DA0007ED37E /* Build configuration list for PBXNativeTarget "findUITests" */;
			buildPhases = (
				520A95762B304DA0007ED37E /* Sources */,
				520A95772B304DA0007ED37E /* Frameworks */,
				520A95782B304DA0007ED37E /* Resources */,
			);
			buildRules = (
			);
			dependencies = (
				520A957C2B304DA0007ED37E /* PBXTargetDependency */,
			);
			name = findUITests;
			productName = findUITests;
			productReference = 520A957A2B304DA0007ED37E /* findUITests.xctest */;
			productType = "com.apple.product-type.bundle.ui-testing";
		};
/* End PBXNativeTarget section */

/* Begin PBXProject section */
		520A95582B304D9F007ED37E /* Project object */ = {
			isa = PBXProject;
			attributes = {
				BuildIndependentTargetsInParallel = 1;
				LastSwiftUpdateCheck = 1500;
				LastUpgradeCheck = 1500;
				TargetAttributes = {
					520A955F2B304D9F007ED37E = {
						CreatedOnToolsVersion = 15.0.1;
					};
					520A956F2B304DA0007ED37E = {
						CreatedOnToolsVersion = 15.0.1;
						TestTargetID = 520A955F2B304D9F007ED37E;
					};
					520A95792B304DA0007ED37E = {
						CreatedOnToolsVersion = 15.0.1;
						TestTargetID = 520A955F2B304D9F007ED37E;
					};
				};
			};
			buildConfigurationList = 520A955B2B304D9F007ED37E /* Build configuration list for PBXProject "find" */;
			compatibilityVersion = "Xcode 14.0";
			developmentRegion = en;
			hasScannedForEncodings = 0;
			knownRegions = (
				en,
				Base,
			);
			mainGroup = 520A95572B304D9F007ED37E;
			productRefGroup = 520A95612B304D9F007ED37E /* Products */;
			projectDirPath = "";
			projectRoot = "";
			targets = (
				520A955F2B304D9F007ED37E /* find */,
				520A956F2B304DA0007ED37E /* findTests */,
				520A95792B304DA0007ED37E /* findUITests */,
			);
		};
/* End PBXProject section */

/* Begin PBXResourcesBuildPhase section */
		520A955E2B304D9F007ED37E /* Resources */ = {
			isa = PBXResourcesBuildPhase;
			buildActionMask = 2147483647;
			files = (
				520A956B2B304DA0007ED37E /* Preview Assets.xcassets in Resources */,
				520A95682B304DA0007ED37E /* Assets.xcassets in Resources */,
			);
			runOnlyForDeploymentPostprocessing = 0;
		};
		520A956E2B304DA0007ED37E /* Resources */ = {
			isa = PBXResourcesBuildPhase;
			buildActionMask = 2147483647;
			files = (
			);
			runOnlyForDeploymentPostprocessing = 0;
		};
		520A95782B304DA0007ED37E /* Resources */ = {
			isa = PBXResourcesBuildPhase;
			buildActionMask = 2147483647;
			files = (
			);
			runOnlyForDeploymentPostprocessing = 0;
		};
/* End PBXResourcesBuildPhase section */

/* Begin PBXSourcesBuildPhase section */
		520A955C2B304D9F007ED37E /* Sources */ = {
			isa = PBXSourcesBuildPhase;
			buildActionMask = 2147483647;
			files = (
				520A95662B304D9F007ED37E /* ContentView.swift in Sources */,
				520A95642B304D9F007ED37E /* findApp.swift in Sources */,
			);
			runOnlyForDeploymentPostprocessing = 0;
		};
		520A956C2B304DA0007ED37E /* Sources */ = {
			isa = PBXSourcesBuildPhase;
			buildActionMask = 2147483647;
			files = (
				520A95752B304DA0007ED37E /* findTests.swift in Sources */,
			);
			runOnlyForDeploymentPostprocessing = 0;
		};
		520A95762B304DA0007ED37E /* Sources */ = {
			isa = PBXSourcesBuildPhase;
			buildActionMask = 2147483647;
			files = (
				520A957F2B304DA0007ED37E /* findUITests.swift in Sources */,
				520A95812B304DA0007ED37E /* findUITestsLaunchTests.swift in Sources */,
			);
			runOnlyForDeploymentPostprocessing = 0;
		};
/* End PBXSourcesBuildPhase section */

/* Begin PBXTargetDependency section */
		520A95722B304DA0007ED37E /* PBXTargetDependency */ = {
			isa = PBXTargetDependency;
			target = 520A955F2B304D9F007ED37E /* find */;
			targetProxy = 520A95712B304DA0007ED37E /* PBXContainerItemProxy */;
		};
		520A957C2B304DA0007ED37E /* PBXTargetDependency */ = {
			isa = PBXTargetDependency;
			target = 520A955F2B304D9F007ED37E /* find */;
			targetProxy = 520A957B2B304DA0007ED37E /* PBXContainerItemProxy */;
		};
/* End PBXTargetDependency section */

/* Begin XCBuildConfiguration section */
		520A95822B304DA0007ED37E /* Debug */ = {
			isa = XCBuildConfiguration;
			buildSettings = {
				ALWAYS_SEARCH_USER_PATHS = NO;
				ASSETCATALOG_COMPILER_GENERATE_SWIFT_ASSET_SYMBOL_EXTENSIONS = YES;
				CLANG_ANALYZER_NONNULL = YES;
				CLANG_ANALYZER_NUMBER_OBJECT_CONVERSION = YES_AGGRESSIVE;
				CLANG_CXX_LANGUAGE_STANDARD = "gnu++20";
				CLANG_ENABLE_MODULES = YES;
				CLANG_ENABLE_OBJC_ARC = YES;
				CLANG_ENABLE_OBJC_WEAK = YES;
				CLANG_WARN_BLOCK_CAPTURE_AUTORELEASING = YES;
				CLANG_WARN_BOOL_CONVERSION = YES;
				CLANG_WARN_COMMA = YES;
				CLANG_WARN_CONSTANT_CONVERSION = YES;
				CLANG_WARN_DEPRECATED_OBJC_IMPLEMENTATIONS = YES;
				CLANG_WARN_DIRECT_OBJC_ISA_USAGE = YES_ERROR;
				CLANG_WARN_DOCUMENTATION_COMMENTS = YES;
				CLANG_WARN_EMPTY_BODY = YES;
				CLANG_WARN_ENUM_CONVERSION = YES;
				CLANG_WARN_INFINITE_RECURSION = YES;
				CLANG_WARN_INT_CONVERSION = YES;
				CLANG_WARN_NON_LITERAL_NULL_CONVERSION = YES;
				CLANG_WARN_OBJC_IMPLICIT_RETAIN_SELF = YES;
				CLANG_WARN_OBJC_LITERAL_CONVERSION = YES;
				CLANG_WARN_OBJC_ROOT_CLASS = YES_ERROR;
				CLANG_WARN_QUOTED_INCLUDE_IN_FRAMEWORK_HEADER = YES;
				CLANG_WARN_RANGE_LOOP_ANALYSIS = YES;
				CLANG_WARN_STRICT_PROTOTYPES = YES;
				CLANG_WARN_SUSPICIOUS_MOVE = YES;
				CLANG_WARN_UNGUARDED_AVAILABILITY = YES_AGGRESSIVE;
				CLANG_WARN_UNREACHABLE_CODE = YES;
				CLANG_WARN__DUPLICATE_METHOD_MATCH = YES;
				COPY_PHASE_STRIP = NO;
				DEBUG_INFORMATION_FORMAT = dwarf;
				ENABLE_STRICT_OBJC_MSGSEND = YES;
				ENABLE_TESTABILITY = YES;
				ENABLE_USER_SCRIPT_SANDBOXING = YES;
				GCC_C_LANGUAGE_STANDARD = gnu17;
				GCC_DYNAMIC_NO_PIC = NO;
				GCC_NO_COMMON_BLOCKS = YES;
				GCC_OPTIMIZATION_LEVEL = 0;
				GCC_PREPROCESSOR_DEFINITIONS = (
					"DEBUG=1",
					"$(inherited)",
				);
				GCC_WARN_64_TO_32_BIT_CONVERSION = YES;
				GCC_WARN_ABOUT_RETURN_TYPE = YES_ERROR;
				GCC_WARN_UNDECLARED_SELECTOR = YES;
				GCC_WARN_UNINITIALIZED_AUTOS = YES_AGGRESSIVE;
				GCC_WARN_UNUSED_FUNCTION = YES;
				GCC_WARN_UNUSED_VARIABLE = YES;
				IPHONEOS_DEPLOYMENT_TARGET = 17.0;
				LOCALIZATION_PREFERS_STRING_CATALOGS = YES;
				MTL_ENABLE_DEBUG_INFO = INCLUDE_SOURCE;
				MTL_FAST_MATH = YES;
				ONLY_ACTIVE_ARCH = YES;
				SDKROOT = iphoneos;
				SWIFT_ACTIVE_COMPILATION_CONDITIONS = "DEBUG $(inherited)";
				SWIFT_OPTIMIZATION_LEVEL = "-Onone";
			};
			name = Debug;
		};
		520A95832B304DA0007ED37E /* Release */ = {
			isa = XCBuildConfiguration;
			buildSettings = {
				ALWAYS_SEARCH_USER_PATHS = NO;
				ASSETCATALOG_COMPILER_GENERATE_SWIFT_ASSET_SYMBOL_EXTENSIONS = YES;
				CLANG_ANALYZER_NONNULL = YES;
				CLANG_ANALYZER_NUMBER_OBJECT_CONVERSION = YES_AGGRESSIVE;
				CLANG_CXX_LANGUAGE_STANDARD = "gnu++20";
				CLANG_ENABLE_MODULES = YES;
				CLANG_ENABLE_OBJC_ARC = YES;
				CLANG_ENABLE_OBJC_WEAK = YES;
				CLANG_WARN_BLOCK_CAPTURE_AUTORELEASING = YES;
				CLANG_WARN_BOOL_CONVERSION = YES;
				CLANG_WARN_COMMA = YES;
				CLANG_WARN_CONSTANT_CONVERSION = YES;
				CLANG_WARN_DEPRECATED_OBJC_IMPLEMENTATIONS = YES;
				CLANG_WARN_DIRECT_OBJC_ISA_USAGE = YES_ERROR;
				CLANG_WARN_DOCUMENTATION_COMMENTS = YES;
				CLANG_WARN_EMPTY_BODY = YES;
				CLANG_WARN_ENUM_CONVERSION = YES;
				CLANG_WARN_INFINITE_RECURSION = YES;
				CLANG_WARN_INT_CONVERSION = YES;
				CLANG_WARN_NON_LITERAL_NULL_CONVERSION = YES;
				CLANG_WARN_OBJC_IMPLICIT_RETAIN_SELF = YES;
				CLANG_WARN_OBJC_LITERAL_CONVERSION = YES;
				CLANG_WARN_OBJC_ROOT_CLASS = YES_ERROR;
				CLANG_WARN_QUOTED_INCLUDE_IN_FRAMEWORK_HEADER = YES;
				CLANG_WARN_RANGE_LOOP_ANALYSIS = YES;
				CLANG_WARN_STRICT_PROTOTYPES = YES;
				CLANG_WARN_SUSPICIOUS_MOVE = YES;
				CLANG_WARN_UNGUARDED_AVAILABILITY = YES_AGGRESSIVE;
				CLANG_WARN_UNREACHABLE_CODE = YES;
				CLANG_WARN__DUPLICATE_METHOD_MATCH = YES;
				COPY_PHASE_STRIP = NO;
				DEBUG_INFORMATION_FORMAT = "dwarf-with-dsym";
				ENABLE_NS_ASSERTIONS = NO;
				ENABLE_STRICT_OBJC_MSGSEND = YES;
				ENABLE_USER_SCRIPT_SANDBOXING = YES;
				GCC_C_LANGUAGE_STANDARD = gnu17;
				GCC_NO_COMMON_BLOCKS = YES;
				GCC_WARN_64_TO_32_BIT_CONVERSION = YES;
				GCC_WARN_ABOUT_RETURN_TYPE = YES_ERROR;
				GCC_WARN_UNDECLARED_SELECTOR = YES;
				GCC_WARN_UNINITIALIZED_AUTOS = YES_AGGRESSIVE;
				GCC_WARN_UNUSED_FUNCTION = YES;
				GCC_WARN_UNUSED_VARIABLE = YES;
				IPHONEOS_DEPLOYMENT_TARGET = 17.0;
				LOCALIZATION_PREFERS_STRING_CATALOGS = YES;
				MTL_ENABLE_DEBUG_INFO = NO;
				MTL_FAST_MATH = YES;
				SDKROOT = iphoneos;
				SWIFT_COMPILATION_MODE = wholemodule;
				VALIDATE_PRODUCT = YES;
			};
			name = Release;
		};
		520A95852B304DA0007ED37E /* Debug */ = {
			isa = XCBuildConfiguration;
			buildSettings = {
				ASSETCATALOG_COMPILER_APPICON_NAME = AppIcon;
				ASSETCATALOG_COMPILER_GLOBAL_ACCENT_COLOR_NAME = AccentColor;
				CODE_SIGN_STYLE = Automatic;
				CURRENT_PROJECT_VERSION = 1;
				DEVELOPMENT_ASSET_PATHS = "\"find/Preview Content\"";
				DEVELOPMENT_TEAM = A59C6XJA4S;
				ENABLE_PREVIEWS = YES;
				GENERATE_INFOPLIST_FILE = YES;
				INFOPLIST_KEY_UIApplicationSceneManifest_Generation = YES;
				INFOPLIST_KEY_UIApplicationSupportsIndirectInputEvents = YES;
				INFOPLIST_KEY_UILaunchScreen_Generation = YES;
				INFOPLIST_KEY_UISupportedInterfaceOrientations_iPad = "UIInterfaceOrientationPortrait UIInterfaceOrientationPortraitUpsideDown UIInterfaceOrientationLandscapeLeft UIInterfaceOrientationLandscapeRight";
				INFOPLIST_KEY_UISupportedInterfaceOrientations_iPhone = "UIInterfaceOrientationPortrait UIInterfaceOrientationLandscapeLeft UIInterfaceOrientationLandscapeRight";
				LD_RUNPATH_SEARCH_PATHS = (
					"$(inherited)",
					"@executable_path/Frameworks",
				);
				MARKETING_VERSION = 1.0;
				PRODUCT_BUNDLE_IDENTIFIER = non.find;
				PRODUCT_NAME = "$(TARGET_NAME)";
				SWIFT_EMIT_LOC_STRINGS = YES;
				SWIFT_VERSION = 5.0;
				TARGETED_DEVICE_FAMILY = "1,2";
			};
			name = Debug;
		};
		520A95862B304DA0007ED37E /* Release */ = {
			isa = XCBuildConfiguration;
			buildSettings = {
				ASSETCATALOG_COMPILER_APPICON_NAME = AppIcon;
				ASSETCATALOG_COMPILER_GLOBAL_ACCENT_COLOR_NAME = AccentColor;
				CODE_SIGN_STYLE = Automatic;
				CURRENT_PROJECT_VERSION = 1;
				DEVELOPMENT_ASSET_PATHS = "\"find/Preview Content\"";
				DEVELOPMENT_TEAM = A59C6XJA4S;
				ENABLE_PREVIEWS = YES;
				GENERATE_INFOPLIST_FILE = YES;
				INFOPLIST_KEY_UIApplicationSceneManifest_Generation = YES;
				INFOPLIST_KEY_UIApplicationSupportsIndirectInputEvents = YES;
				INFOPLIST_KEY_UILaunchScreen_Generation = YES;
				INFOPLIST_KEY_UISupportedInterfaceOrientations_iPad = "UIInterfaceOrientationPortrait UIInterfaceOrientationPortraitUpsideDown UIInterfaceOrientationLandscapeLeft UIInterfaceOrientationLandscapeRight";
				INFOPLIST_KEY_UISupportedInterfaceOrientations_iPhone = "UIInterfaceOrientationPortrait UIInterfaceOrientationLandscapeLeft UIInterfaceOrientationLandscapeRight";
				LD_RUNPATH_SEARCH_PATHS = (
					"$(inherited)",
					"@executable_path/Frameworks",
				);
				MARKETING_VERSION = 1.0;
				PRODUCT_BUNDLE_IDENTIFIER = non.find;
				PRODUCT_NAME = "$(TARGET_NAME)";
				SWIFT_EMIT_LOC_STRINGS = YES;
				SWIFT_VERSION = 5.0;
				TARGETED_DEVICE_FAMILY = "1,2";
			};
			name = Release;
		};
		520A95882B304DA0007ED37E /* Debug */ = {
			isa = XCBuildConfiguration;
			buildSettings = {
				ALWAYS_EMBED_SWIFT_STANDARD_LIBRARIES = YES;
				BUNDLE_LOADER = "$(TEST_HOST)";
				CODE_SIGN_STYLE = Automatic;
				CURRENT_PROJECT_VERSION = 1;
				DEVELOPMENT_TEAM = A59C6XJA4S;
				GENERATE_INFOPLIST_FILE = YES;
				IPHONEOS_DEPLOYMENT_TARGET = 17.0;
				MARKETING_VERSION = 1.0;
				PRODUCT_BUNDLE_IDENTIFIER = non.findTests;
				PRODUCT_NAME = "$(TARGET_NAME)";
				SWIFT_EMIT_LOC_STRINGS = NO;
				SWIFT_VERSION = 5.0;
				TARGETED_DEVICE_FAMILY = "1,2";
				TEST_HOST = "$(BUILT_PRODUCTS_DIR)/find.app/$(BUNDLE_EXECUTABLE_FOLDER_PATH)/find";
			};
			name = Debug;
		};
		520A95892B304DA0007ED37E /* Release */ = {
			isa = XCBuildConfiguration;
			buildSettings = {
				ALWAYS_EMBED_SWIFT_STANDARD_LIBRARIES = YES;
				BUNDLE_LOADER = "$(TEST_HOST)";
				CODE_SIGN_STYLE = Automatic;
				CURRENT_PROJECT_VERSION = 1;
				DEVELOPMENT_TEAM = A59C6XJA4S;
				GENERATE_INFOPLIST_FILE = YES;
				IPHONEOS_DEPLOYMENT_TARGET = 17.0;
				MARKETING_VERSION = 1.0;
				PRODUCT_BUNDLE_IDENTIFIER = non.findTests;
				PRODUCT_NAME = "$(TARGET_NAME)";
				SWIFT_EMIT_LOC_STRINGS = NO;
				SWIFT_VERSION = 5.0;
				TARGETED_DEVICE_FAMILY = "1,2";
				TEST_HOST = "$(BUILT_PRODUCTS_DIR)/find.app/$(BUNDLE_EXECUTABLE_FOLDER_PATH)/find";
			};
			name = Release;
		};
		520A958B2B304DA0007ED37E /* Debug */ = {
			isa = XCBuildConfiguration;
			buildSettings = {
				ALWAYS_EMBED_SWIFT_STANDARD_LIBRARIES = YES;
				CODE_SIGN_STYLE = Automatic;
				CURRENT_PROJECT_VERSION = 1;
				DEVELOPMENT_TEAM = A59C6XJA4S;
				GENERATE_INFOPLIST_FILE = YES;
				MARKETING_VERSION = 1.0;
				PRODUCT_BUNDLE_IDENTIFIER = non.findUITests;
				PRODUCT_NAME = "$(TARGET_NAME)";
				SWIFT_EMIT_LOC_STRINGS = NO;
				SWIFT_VERSION = 5.0;
				TARGETED_DEVICE_FAMILY = "1,2";
				TEST_TARGET_NAME = find;
			};
			name = Debug;
		};
		520A958C2B304DA0007ED37E /* Release */ = {
			isa = XCBuildConfiguration;
			buildSettings = {
				ALWAYS_EMBED_SWIFT_STANDARD_LIBRARIES = YES;
				CODE_SIGN_STYLE = Automatic;
				CURRENT_PROJECT_VERSION = 1;
				DEVELOPMENT_TEAM = A59C6XJA4S;
				GENERATE_INFOPLIST_FILE = YES;
				MARKETING_VERSION = 1.0;
				PRODUCT_BUNDLE_IDENTIFIER = non.findUITests;
				PRODUCT_NAME = "$(TARGET_NAME)";
				SWIFT_EMIT_LOC_STRINGS = NO;
				SWIFT_VERSION = 5.0;
				TARGETED_DEVICE_FAMILY = "1,2";
				TEST_TARGET_NAME = find;
			};
			name = Release;
		};
/* End XCBuildConfiguration section */

/* Begin XCConfigurationList section */
		520A955B2B304D9F007ED37E /* Build configuration list for PBXProject "find" */ = {
			isa = XCConfigurationList;
			buildConfigurations = (
				520A95822B304DA0007ED37E /* Debug */,
				520A95832B304DA0007ED37E /* Release */,
			);
			defaultConfigurationIsVisible = 0;
			defaultConfigurationName = Release;
		};
		520A95842B304DA0007ED37E /* Build configuration list for PBXNativeTarget "find" */ = {
			isa = XCConfigurationList;
			buildConfigurations = (
				520A95852B304DA0007ED37E /* Debug */,
				520A95862B304DA0007ED37E /* Release */,
			);
			defaultConfigurationIsVisible = 0;
			defaultConfigurationName = Release;
		};
		520A95872B304DA0007ED37E /* Build configuration list for PBXNativeTarget "findTests" */ = {
			isa = XCConfigurationList;
			buildConfigurations = (
				520A95882B304DA0007ED37E /* Debug */,
				520A95892B304DA0007ED37E /* Release */,
			);
			defaultConfigurationIsVisible = 0;
			defaultConfigurationName = Release;
		};
		520A958A2B304DA0007ED37E /* Build configuration list for PBXNativeTarget "findUITests" */ = {
			isa = XCConfigurationList;
			buildConfigurations = (
				520A958B2B304DA0007ED37E /* Debug */,
				520A958C2B304DA0007ED37E /* Release */,
			);
			defaultConfigurationIsVisible = 0;
			defaultConfigurationName = Release;
		};
/* End XCConfigurationList section */
	};
	rootObject = 520A95582B304D9F007ED37E /* Project object */;
}
